
Microsoft Visual Studio Solution File, Format Version 12.00
# Visual Studio Version 17
VisualStudioVersion = 17.7.34031.279
MinimumVisualStudioVersion = 10.0.40219.1
Project("{FAE04EC0-301F-11D3-BF4B-00C04F79EFBC}") = "Projektarbete3.0", "Projektarbete3.0\Projektarbete3.0.csproj", "{0A1E6820-C418-42F6-A892-0B9C9207DCF8}"
EndProject
Global
	GlobalSection(SolutionConfigurationPlatforms) = preSolution
		Debug|Any CPU = Debug|Any CPU
		Release|Any CPU = Release|Any CPU
	EndGlobalSection
	GlobalSection(ProjectConfigurationPlatforms) = postSolution
		{0A1E6820-C418-42F6-A892-0B9C9207DCF8}.Debug|Any CPU.ActiveCfg = Debug|Any CPU
		{0A1E6820-C418-42F6-A892-0B9C9207DCF8}.Debug|Any CPU.Build.0 = Debug|Any CPU
		{0A1E6820-C418-42F6-A892-0B9C9207DCF8}.Release|Any CPU.ActiveCfg = Release|Any CPU
		{0A1E6820-C418-42F6-A892-0B9C9207DCF8}.Release|Any CPU.Build.0 = Release|Any CPU
	EndGlobalSection
	GlobalSection(SolutionProperties) = preSolution
		HideSolutionNode = FALSE
	EndGlobalSection
	GlobalSection(ExtensibilityGlobals) = postSolution
		SolutionGuid = {B55CA807-0B30-4DB3-B261-B0A18A59A408}
	EndGlobalSection
EndGlobal
